
Microsoft Visual Studio Solution File, Format Version 12.00
# Visual Studio Version 17
VisualStudioVersion = 17.5.33424.131
MinimumVisualStudioVersion = 10.0.40219.1
Project("{FAE04EC0-301F-11D3-BF4B-00C04F79EFBC}") = "AGSRProject", "AGSRProject\AGSRProject.csproj", "{65838553-A159-4B03-BA03-0C4B285F5C40}"
EndProject
Project("{FAE04EC0-301F-11D3-BF4B-00C04F79EFBC}") = "AGSRProject.Common", "AGSRProject.Common\AGSRProject.Common.csproj", "{93742ED1-EC9C-4F2A-9701-3921B452F0AD}"
EndProject
Project("{FAE04EC0-301F-11D3-BF4B-00C04F79EFBC}") = "AGSRProject.DataAccess", "AGSRProject.DataAccess\AGSRProject.DataAccess.csproj", "{8F66FCCA-0DBA-4137-9CB4-33542937F5EB}"
EndProject
Project("{FAE04EC0-301F-11D3-BF4B-00C04F79EFBC}") = "AGSRProject.BusinessLogic", "AGSRProject.BusinessLogic\AGSRProject.BusinessLogic.csproj", "{4E9CDDA9-102B-4B7C-8F60-7CB65F441D15}"
EndProject
Global
	GlobalSection(SolutionConfigurationPlatforms) = preSolution
		Debug|Any CPU = Debug|Any CPU
		Release|Any CPU = Release|Any CPU
	EndGlobalSection
	GlobalSection(ProjectConfigurationPlatforms) = postSolution
		{65838553-A159-4B03-BA03-0C4B285F5C40}.Debug|Any CPU.ActiveCfg = Debug|Any CPU
		{65838553-A159-4B03-BA03-0C4B285F5C40}.Debug|Any CPU.Build.0 = Debug|Any CPU
		{65838553-A159-4B03-BA03-0C4B285F5C40}.Release|Any CPU.ActiveCfg = Release|Any CPU
		{65838553-A159-4B03-BA03-0C4B285F5C40}.Release|Any CPU.Build.0 = Release|Any CPU
		{93742ED1-EC9C-4F2A-9701-3921B452F0AD}.Debug|Any CPU.ActiveCfg = Debug|Any CPU
		{93742ED1-EC9C-4F2A-9701-3921B452F0AD}.Debug|Any CPU.Build.0 = Debug|Any CPU
		{93742ED1-EC9C-4F2A-9701-3921B452F0AD}.Release|Any CPU.ActiveCfg = Release|Any CPU
		{93742ED1-EC9C-4F2A-9701-3921B452F0AD}.Release|Any CPU.Build.0 = Release|Any CPU
		{8F66FCCA-0DBA-4137-9CB4-33542937F5EB}.Debug|Any CPU.ActiveCfg = Debug|Any CPU
		{8F66FCCA-0DBA-4137-9CB4-33542937F5EB}.Debug|Any CPU.Build.0 = Debug|Any CPU
		{8F66FCCA-0DBA-4137-9CB4-33542937F5EB}.Release|Any CPU.ActiveCfg = Release|Any CPU
		{8F66FCCA-0DBA-4137-9CB4-33542937F5EB}.Release|Any CPU.Build.0 = Release|Any CPU
		{4E9CDDA9-102B-4B7C-8F60-7CB65F441D15}.Debug|Any CPU.ActiveCfg = Debug|Any CPU
		{4E9CDDA9-102B-4B7C-8F60-7CB65F441D15}.Debug|Any CPU.Build.0 = Debug|Any CPU
		{4E9CDDA9-102B-4B7C-8F60-7CB65F441D15}.Release|Any CPU.ActiveCfg = Release|Any CPU
		{4E9CDDA9-102B-4B7C-8F60-7CB65F441D15}.Release|Any CPU.Build.0 = Release|Any CPU
	EndGlobalSection
	GlobalSection(SolutionProperties) = preSolution
		HideSolutionNode = FALSE
	EndGlobalSection
	GlobalSection(ExtensibilityGlobals) = postSolution
		SolutionGuid = {414F0EFB-2C40-4634-9BA2-B46F631E1C6E}
	EndGlobalSection
EndGlobal
